// !$*UTF8*$!
{
	archiveVersion = 1;
	classes = {
	};
	objectVersion = 46;
	objects = {

/* Begin PBXBuildFile section */
		CE7AD8811A233A74006B5E68 /* Foundation.framework in Frameworks */ = {isa = PBXBuildFile; fileRef = CE7AD8801A233A74006B5E68 /* Foundation.framework */; };
		CE7AD8831A233A74006B5E68 /* CoreGraphics.framework in Frameworks */ = {isa = PBXBuildFile; fileRef = CE7AD8821A233A74006B5E68 /* CoreGraphics.framework */; };
		CE7AD8851A233A74006B5E68 /* UIKit.framework in Frameworks */ = {isa = PBXBuildFile; fileRef = CE7AD8841A233A74006B5E68 /* UIKit.framework */; };
		CE7AD88B1A233A74006B5E68 /* InfoPlist.strings in Resources */ = {isa = PBXBuildFile; fileRef = CE7AD8891A233A74006B5E68 /* InfoPlist.strings */; };
		CE7AD88D1A233A74006B5E68 /* main.m in Sources */ = {isa = PBXBuildFile; fileRef = CE7AD88C1A233A74006B5E68 /* main.m */; };
		CE7AD8911A233A74006B5E68 /* AppDelegate.m in Sources */ = {isa = PBXBuildFile; fileRef = CE7AD8901A233A74006B5E68 /* AppDelegate.m */; };
		CE7AD8941A233A74006B5E68 /* Main.storyboard in Resources */ = {isa = PBXBuildFile; fileRef = CE7AD8921A233A74006B5E68 /* Main.storyboard */; };
		CE7AD8971A233A74006B5E68 /* ViewController.m in Sources */ = {isa = PBXBuildFile; fileRef = CE7AD8961A233A74006B5E68 /* ViewController.m */; };
		CE7AD8991A233A74006B5E68 /* Images.xcassets in Resources */ = {isa = PBXBuildFile; fileRef = CE7AD8981A233A74006B5E68 /* Images.xcassets */; };
		CE7AD8A01A233A74006B5E68 /* XCTest.framework in Frameworks */ = {isa = PBXBuildFile; fileRef = CE7AD89F1A233A74006B5E68 /* XCTest.framework */; };
		CE7AD8A11A233A74006B5E68 /* Foundation.framework in Frameworks */ = {isa = PBXBuildFile; fileRef = CE7AD8801A233A74006B5E68 /* Foundation.framework */; };
		CE7AD8A21A233A74006B5E68 /* UIKit.framework in Frameworks */ = {isa = PBXBuildFile; fileRef = CE7AD8841A233A74006B5E68 /* UIKit.framework */; };
		CE7AD8AA1A233A74006B5E68 /* InfoPlist.strings in Resources */ = {isa = PBXBuildFile; fileRef = CE7AD8A81A233A74006B5E68 /* InfoPlist.strings */; };
		CE7AD8AC1A233A74006B5E68 /* SDNavigationControllerTests.m in Sources */ = {isa = PBXBuildFile; fileRef = CE7AD8AB1A233A74006B5E68 /* SDNavigationControllerTests.m */; };
/* End PBXBuildFile section */

/* Begin PBXContainerItemProxy section */
		CE7AD8A31A233A74006B5E68 /* PBXContainerItemProxy */ = {
			isa = PBXContainerItemProxy;
			containerPortal = CE7AD8751A233A74006B5E68 /* Project object */;
			proxyType = 1;
			remoteGlobalIDString = CE7AD87C1A233A74006B5E68;
			remoteInfo = SDNavigationController;
		};
/* End PBXContainerItemProxy section */

/* Begin PBXFileReference section */
		CE7AD87D1A233A74006B5E68 /* SDNavigationController.app */ = {isa = PBXFileReference; explicitFileType = wrapper.application; includeInIndex = 0; path = SDNavigationController.app; sourceTree = BUILT_PRODUCTS_DIR; };
		CE7AD8801A233A74006B5E68 /* Foundation.framework */ = {isa = PBXFileReference; lastKnownFileType = wrapper.framework; name = Foundation.framework; path = System/Library/Frameworks/Foundation.framework; sourceTree = SDKROOT; };
		CE7AD8821A233A74006B5E68 /* CoreGraphics.framework */ = {isa = PBXFileReference; lastKnownFileType = wrapper.framework; name = CoreGraphics.framework; path = System/Library/Frameworks/CoreGraphics.framework; sourceTree = SDKROOT; };
		CE7AD8841A233A74006B5E68 /* UIKit.framework */ = {isa = PBXFileReference; lastKnownFileType = wrapper.framework; name = UIKit.framework; path = System/Library/Frameworks/UIKit.framework; sourceTree = SDKROOT; };
		CE7AD8881A233A74006B5E68 /* SDNavigationController-Info.plist */ = {isa = PBXFileReference; lastKnownFileType = text.plist.xml; path = "SDNavigationController-Info.plist"; sourceTree = "<group>"; };
		CE7AD88A1A233A74006B5E68 /* en */ = {isa = PBXFileReference; lastKnownFileType = text.plist.strings; name = en; path = en.lproj/InfoPlist.strings; sourceTree = "<group>"; };
		CE7AD88C1A233A74006B5E68 /* main.m */ = {isa = PBXFileReference; lastKnownFileType = sourcecode.c.objc; path = main.m; sourceTree = "<group>"; };
		CE7AD88E1A233A74006B5E68 /* SDNavigationController-Prefix.pch */ = {isa = PBXFileReference; lastKnownFileType = sourcecode.c.h; path = "SDNavigationController-Prefix.pch"; sourceTree = "<group>"; };
		CE7AD88F1A233A74006B5E68 /* AppDelegate.h */ = {isa = PBXFileReference; lastKnownFileType = sourcecode.c.h; path = AppDelegate.h; sourceTree = "<group>"; };
		CE7AD8901A233A74006B5E68 /* AppDelegate.m */ = {isa = PBXFileReference; lastKnownFileType = sourcecode.c.objc; path = AppDelegate.m; sourceTree = "<group>"; };
		CE7AD8931A233A74006B5E68 /* Base */ = {isa = PBXFileReference; lastKnownFileType = file.storyboard; name = Base; path = Base.lproj/Main.storyboard; sourceTree = "<group>"; };
		CE7AD8951A233A74006B5E68 /* ViewController.h */ = {isa = PBXFileReference; lastKnownFileType = sourcecode.c.h; path = ViewController.h; sourceTree = "<group>"; };
		CE7AD8961A233A74006B5E68 /* ViewController.m */ = {isa = PBXFileReference; lastKnownFileType = sourcecode.c.objc; path = ViewController.m; sourceTree = "<group>"; };
		CE7AD8981A233A74006B5E68 /* Images.xcassets */ = {isa = PBXFileReference; lastKnownFileType = folder.assetcatalog; path = Images.xcassets; sourceTree = "<group>"; };
		CE7AD89E1A233A74006B5E68 /* SDNavigationControllerTests.xctest */ = {isa = PBXFileReference; explicitFileType = wrapper.cfbundle; includeInIndex = 0; path = SDNavigationControllerTests.xctest; sourceTree = BUILT_PRODUCTS_DIR; };
		CE7AD89F1A233A74006B5E68 /* XCTest.framework */ = {isa = PBXFileReference; lastKnownFileType = wrapper.framework; name = XCTest.framework; path = Library/Frameworks/XCTest.framework; sourceTree = DEVELOPER_DIR; };
		CE7AD8A71A233A74006B5E68 /* SDNavigationControllerTests-Info.plist */ = {isa = PBXFileReference; lastKnownFileType = text.plist.xml; path = "SDNavigationControllerTests-Info.plist"; sourceTree = "<group>"; };
		CE7AD8A91A233A74006B5E68 /* en */ = {isa = PBXFileReference; lastKnownFileType = text.plist.strings; name = en; path = en.lproj/InfoPlist.strings; sourceTree = "<group>"; };
		CE7AD8AB1A233A74006B5E68 /* SDNavigationControllerTests.m */ = {isa = PBXFileReference; lastKnownFileType = sourcecode.c.objc; path = SDNavigationControllerTests.m; sourceTree = "<group>"; };
/* End PBXFileReference section */

/* Begin PBXFrameworksBuildPhase section */
		CE7AD87A1A233A74006B5E68 /* Frameworks */ = {
			isa = PBXFrameworksBuildPhase;
			buildActionMask = 2147483647;
			files = (
				CE7AD8831A233A74006B5E68 /* CoreGraphics.framework in Frameworks */,
				CE7AD8851A233A74006B5E68 /* UIKit.framework in Frameworks */,
				CE7AD8811A233A74006B5E68 /* Foundation.framework in Frameworks */,
			);
			runOnlyForDeploymentPostprocessing = 0;
		};
		CE7AD89B1A233A74006B5E68 /* Frameworks */ = {
			isa = PBXFrameworksBuildPhase;
			buildActionMask = 2147483647;
			files = (
				CE7AD8A01A233A74006B5E68 /* XCTest.framework in Frameworks */,
				CE7AD8A21A233A74006B5E68 /* UIKit.framework in Frameworks */,
				CE7AD8A11A233A74006B5E68 /* Foundation.framework in Frameworks */,
			);
			runOnlyForDeploymentPostprocessing = 0;
		};
/* End PBXFrameworksBuildPhase section */

/* Begin PBXGroup section */
		CE7AD8741A233A74006B5E68 = {
			isa = PBXGroup;
			children = (
				CE7AD8861A233A74006B5E68 /* SDNavigationController */,
				CE7AD8A51A233A74006B5E68 /* SDNavigationControllerTests */,
				CE7AD87F1A233A74006B5E68 /* Frameworks */,
				CE7AD87E1A233A74006B5E68 /* Products */,
			);
			sourceTree = "<group>";
		};
		CE7AD87E1A233A74006B5E68 /* Products */ = {
			isa = PBXGroup;
			children = (
				CE7AD87D1A233A74006B5E68 /* SDNavigationController.app */,
				CE7AD89E1A233A74006B5E68 /* SDNavigationControllerTests.xctest */,
			);
			name = Products;
			sourceTree = "<group>";
		};
		CE7AD87F1A233A74006B5E68 /* Frameworks */ = {
			isa = PBXGroup;
			children = (
				CE7AD8801A233A74006B5E68 /* Foundation.framework */,
				CE7AD8821A233A74006B5E68 /* CoreGraphics.framework */,
				CE7AD8841A233A74006B5E68 /* UIKit.framework */,
				CE7AD89F1A233A74006B5E68 /* XCTest.framework */,
			);
			name = Frameworks;
			sourceTree = "<group>";
		};
		CE7AD8861A233A74006B5E68 /* SDNavigationController */ = {
			isa = PBXGroup;
			children = (
				CE7AD88F1A233A74006B5E68 /* AppDelegate.h */,
				CE7AD8901A233A74006B5E68 /* AppDelegate.m */,
				CE7AD8921A233A74006B5E68 /* Main.storyboard */,
				CE7AD8951A233A74006B5E68 /* ViewController.h */,
				CE7AD8961A233A74006B5E68 /* ViewController.m */,
				CE7AD8981A233A74006B5E68 /* Images.xcassets */,
				CE7AD8871A233A74006B5E68 /* Supporting Files */,
			);
			path = SDNavigationController;
			sourceTree = "<group>";
		};
		CE7AD8871A233A74006B5E68 /* Supporting Files */ = {
			isa = PBXGroup;
			children = (
				CE7AD8881A233A74006B5E68 /* SDNavigationController-Info.plist */,
				CE7AD8891A233A74006B5E68 /* InfoPlist.strings */,
				CE7AD88C1A233A74006B5E68 /* main.m */,
				CE7AD88E1A233A74006B5E68 /* SDNavigationController-Prefix.pch */,
			);
			name = "Supporting Files";
			sourceTree = "<group>";
		};
		CE7AD8A51A233A74006B5E68 /* SDNavigationControllerTests */ = {
			isa = PBXGroup;
			children = (
				CE7AD8AB1A233A74006B5E68 /* SDNavigationControllerTests.m */,
				CE7AD8A61A233A74006B5E68 /* Supporting Files */,
			);
			path = SDNavigationControllerTests;
			sourceTree = "<group>";
		};
		CE7AD8A61A233A74006B5E68 /* Supporting Files */ = {
			isa = PBXGroup;
			children = (
				CE7AD8A71A233A74006B5E68 /* SDNavigationControllerTests-Info.plist */,
				CE7AD8A81A233A74006B5E68 /* InfoPlist.strings */,
			);
			name = "Supporting Files";
			sourceTree = "<group>";
		};
/* End PBXGroup section */

/* Begin PBXNativeTarget section */
		CE7AD87C1A233A74006B5E68 /* SDNavigationController */ = {
			isa = PBXNativeTarget;
			buildConfigurationList = CE7AD8AF1A233A74006B5E68 /* Build configuration list for PBXNativeTarget "SDNavigationController" */;
			buildPhases = (
				CE7AD8791A233A74006B5E68 /* Sources */,
				CE7AD87A1A233A74006B5E68 /* Frameworks */,
				CE7AD87B1A233A74006B5E68 /* Resources */,
			);
			buildRules = (
			);
			dependencies = (
			);
			name = SDNavigationController;
			productName = SDNavigationController;
			productReference = CE7AD87D1A233A74006B5E68 /* SDNavigationController.app */;
			productType = "com.apple.product-type.application";
		};
		CE7AD89D1A233A74006B5E68 /* SDNavigationControllerTests */ = {
			isa = PBXNativeTarget;
			buildConfigurationList = CE7AD8B21A233A74006B5E68 /* Build configuration list for PBXNativeTarget "SDNavigationControllerTests" */;
			buildPhases = (
				CE7AD89A1A233A74006B5E68 /* Sources */,
				CE7AD89B1A233A74006B5E68 /* Frameworks */,
				CE7AD89C1A233A74006B5E68 /* Resources */,
			);
			buildRules = (
			);
			dependencies = (
				CE7AD8A41A233A74006B5E68 /* PBXTargetDependency */,
			);
			name = SDNavigationControllerTests;
			productName = SDNavigationControllerTests;
			productReference = CE7AD89E1A233A74006B5E68 /* SDNavigationControllerTests.xctest */;
			productType = "com.apple.product-type.bundle.unit-test";
		};
/* End PBXNativeTarget section */

/* Begin PBXProject section */
		CE7AD8751A233A74006B5E68 /* Project object */ = {
			isa = PBXProject;
			attributes = {
				LastUpgradeCheck = 0510;
				ORGANIZATIONNAME = "shay deacy";
				TargetAttributes = {
					CE7AD89D1A233A74006B5E68 = {
						TestTargetID = CE7AD87C1A233A74006B5E68;
					};
				};
			};
			buildConfigurationList = CE7AD8781A233A74006B5E68 /* Build configuration list for PBXProject "SDNavigationController" */;
			compatibilityVersion = "Xcode 3.2";
			developmentRegion = English;
			hasScannedForEncodings = 0;
			knownRegions = (
				en,
				Base,
			);
			mainGroup = CE7AD8741A233A74006B5E68;
			productRefGroup = CE7AD87E1A233A74006B5E68 /* Products */;
			projectDirPath = "";
			projectRoot = "";
			targets = (
				CE7AD87C1A233A74006B5E68 /* SDNavigationController */,
				CE7AD89D1A233A74006B5E68 /* SDNavigationControllerTests */,
			);
		};
/* End PBXProject section */

/* Begin PBXResourcesBuildPhase section */
		CE7AD87B1A233A74006B5E68 /* Resources */ = {
			isa = PBXResourcesBuildPhase;
			buildActionMask = 2147483647;
			files = (
				CE7AD8991A233A74006B5E68 /* Images.xcassets in Resources */,
				CE7AD88B1A233A74006B5E68 /* InfoPlist.strings in Resources */,
				CE7AD8941A233A74006B5E68 /* Main.storyboard in Resources */,
			);
			runOnlyForDeploymentPostprocessing = 0;
		};
		CE7AD89C1A233A74006B5E68 /* Resources */ = {
			isa = PBXResourcesBuildPhase;
			buildActionMask = 2147483647;
			files = (
				CE7AD8AA1A233A74006B5E68 /* InfoPlist.strings in Resources */,
			);
			runOnlyForDeploymentPostprocessing = 0;
		};
/* End PBXResourcesBuildPhase section */

/* Begin PBXSourcesBuildPhase section */
		CE7AD8791A233A74006B5E68 /* Sources */ = {
			isa = PBXSourcesBuildPhase;
			buildActionMask = 2147483647;
			files = (
				CE7AD8971A233A74006B5E68 /* ViewController.m in Sources */,
				CE7AD8911A233A74006B5E68 /* AppDelegate.m in Sources */,
				CE7AD88D1A233A74006B5E68 /* main.m in Sources */,
			);
			runOnlyForDeploymentPostprocessing = 0;
		};
		CE7AD89A1A233A74006B5E68 /* Sources */ = {
			isa = PBXSourcesBuildPhase;
			buildActionMask = 2147483647;
			files = (
				CE7AD8AC1A233A74006B5E68 /* SDNavigationControllerTests.m in Sources */,
			);
			runOnlyForDeploymentPostprocessing = 0;
		};
/* End PBXSourcesBuildPhase section */

/* Begin PBXTargetDependency section */
		CE7AD8A41A233A74006B5E68 /* PBXTargetDependency */ = {
			isa = PBXTargetDependency;
			target = CE7AD87C1A233A74006B5E68 /* SDNavigationController */;
			targetProxy = CE7AD8A31A233A74006B5E68 /* PBXContainerItemProxy */;
		};
/* End PBXTargetDependency section */

/* Begin PBXVariantGroup section */
		CE7AD8891A233A74006B5E68 /* InfoPlist.strings */ = {
			isa = PBXVariantGroup;
			children = (
				CE7AD88A1A233A74006B5E68 /* en */,
			);
			name = InfoPlist.strings;
			sourceTree = "<group>";
		};
		CE7AD8921A233A74006B5E68 /* Main.storyboard */ = {
			isa = PBXVariantGroup;
			children = (
				CE7AD8931A233A74006B5E68 /* Base */,
			);
			name = Main.storyboard;
			sourceTree = "<group>";
		};
		CE7AD8A81A233A74006B5E68 /* InfoPlist.strings */ = {
			isa = PBXVariantGroup;
			children = (
				CE7AD8A91A233A74006B5E68 /* en */,
			);
			name = InfoPlist.strings;
			sourceTree = "<group>";
		};
/* End PBXVariantGroup section */

/* Begin XCBuildConfiguration section */
		CE7AD8AD1A233A74006B5E68 /* Debug */ = {
			isa = XCBuildConfiguration;
			buildSettings = {
				ALWAYS_SEARCH_USER_PATHS = NO;
				CLANG_CXX_LANGUAGE_STANDARD = "gnu++0x";
				CLANG_CXX_LIBRARY = "libc++";
				CLANG_ENABLE_MODULES = YES;
				CLANG_ENABLE_OBJC_ARC = YES;
				CLANG_WARN_BOOL_CONVERSION = YES;
				CLANG_WARN_CONSTANT_CONVERSION = YES;
				CLANG_WARN_DIRECT_OBJC_ISA_USAGE = YES_ERROR;
				CLANG_WARN_EMPTY_BODY = YES;
				CLANG_WARN_ENUM_CONVERSION = YES;
				CLANG_WARN_INT_CONVERSION = YES;
				CLANG_WARN_OBJC_ROOT_CLASS = YES_ERROR;
				CLANG_WARN__DUPLICATE_METHOD_MATCH = YES;
				"CODE_SIGN_IDENTITY[sdk=iphoneos*]" = "iPhone Developer";
				COPY_PHASE_STRIP = NO;
				GCC_C_LANGUAGE_STANDARD = gnu99;
				GCC_DYNAMIC_NO_PIC = NO;
				GCC_OPTIMIZATION_LEVEL = 0;
				GCC_PREPROCESSOR_DEFINITIONS = (
					"DEBUG=1",
					"$(inherited)",
				);
				GCC_SYMBOLS_PRIVATE_EXTERN = NO;
				GCC_WARN_64_TO_32_BIT_CONVERSION = YES;
				GCC_WARN_ABOUT_RETURN_TYPE = YES_ERROR;
				GCC_WARN_UNDECLARED_SELECTOR = YES;
				GCC_WARN_UNINITIALIZED_AUTOS = YES_AGGRESSIVE;
				GCC_WARN_UNUSED_FUNCTION = YES;
				GCC_WARN_UNUSED_VARIABLE = YES;
				IPHONEOS_DEPLOYMENT_TARGET = 7.1;
				ONLY_ACTIVE_ARCH = YES;
				SDKROOT = iphoneos;
			};
			name = Debug;
		};
		CE7AD8AE1A233A74006B5E68 /* Release */ = {
			isa = XCBuildConfiguration;
			buildSettings = {
				ALWAYS_SEARCH_USER_PATHS = NO;
				CLANG_CXX_LANGUAGE_STANDARD = "gnu++0x";
				CLANG_CXX_LIBRARY = "libc++";
				CLANG_ENABLE_MODULES = YES;
				CLANG_ENABLE_OBJC_ARC = YES;
				CLANG_WARN_BOOL_CONVERSION = YES;
				CLANG_WARN_CONSTANT_CONVERSION = YES;
				CLANG_WARN_DIRECT_OBJC_ISA_USAGE = YES_ERROR;
				CLANG_WARN_EMPTY_BODY = YES;
				CLANG_WARN_ENUM_CONVERSION = YES;
				CLANG_WARN_INT_CONVERSION = YES;
				CLANG_WARN_OBJC_ROOT_CLASS = YES_ERROR;
				CLANG_WARN__DUPLICATE_METHOD_MATCH = YES;
				"CODE_SIGN_IDENTITY[sdk=iphoneos*]" = "iPhone Developer";
				COPY_PHASE_STRIP = YES;
				ENABLE_NS_ASSERTIONS = NO;
				GCC_C_LANGUAGE_STANDARD = gnu99;
				GCC_WARN_64_TO_32_BIT_CONVERSION = YES;
				GCC_WARN_ABOUT_RETURN_TYPE = YES_ERROR;
				GCC_WARN_UNDECLARED_SELECTOR = YES;
				GCC_WARN_UNINITIALIZED_AUTOS = YES_AGGRESSIVE;
				GCC_WARN_UNUSED_FUNCTION = YES;
				GCC_WARN_UNUSED_VARIABLE = YES;
				IPHONEOS_DEPLOYMENT_TARGET = 7.1;
				SDKROOT = iphoneos;
				VALIDATE_PRODUCT = YES;
			};
			name = Release;
		};
		CE7AD8B01A233A74006B5E68 /* Debug */ = {
			isa = XCBuildConfiguration;
			buildSettings = {
				ASSETCATALOG_COMPILER_APPICON_NAME = AppIcon;
				ASSETCATALOG_COMPILER_LAUNCHIMAGE_NAME = LaunchImage;
				GCC_PRECOMPILE_PREFIX_HEADER = YES;
				GCC_PREFIX_HEADER = "SDNavigationController/SDNavigationController-Prefix.pch";
				INFOPLIST_FILE = "SDNavigationController/SDNavigationController-Info.plist";
				PRODUCT_NAME = "$(TARGET_NAME)";
				WRAPPER_EXTENSION = app;
			};
			name = Debug;
		};
		CE7AD8B11A233A74006B5E68 /* Release */ = {
			isa = XCBuildConfiguration;
			buildSettings = {
				ASSETCATALOG_COMPILER_APPICON_NAME = AppIcon;
				ASSETCATALOG_COMPILER_LAUNCHIMAGE_NAME = LaunchImage;
				GCC_PRECOMPILE_PREFIX_HEADER = YES;
				GCC_PREFIX_HEADER = "SDNavigationController/SDNavigationController-Prefix.pch";
				INFOPLIST_FILE = "SDNavigationController/SDNavigationController-Info.plist";
				PRODUCT_NAME = "$(TARGET_NAME)";
				WRAPPER_EXTENSION = app;
			};
			name = Release;
		};
		CE7AD8B31A233A74006B5E68 /* Debug */ = {
			isa = XCBuildConfiguration;
			buildSettings = {
				BUNDLE_LOADER = "$(BUILT_PRODUCTS_DIR)/SDNavigationController.app/SDNavigationController";
				FRAMEWORK_SEARCH_PATHS = (
					"$(SDKROOT)/Developer/Library/Frameworks",
					"$(inherited)",
					"$(DEVELOPER_FRAMEWORKS_DIR)",
				);
				GCC_PRECOMPILE_PREFIX_HEADER = YES;
				GCC_PREFIX_HEADER = "SDNavigationController/SDNavigationController-Prefix.pch";
				GCC_PREPROCESSOR_DEFINITIONS = (
					"DEBUG=1",
					"$(inherited)",
				);
				INFOPLIST_FILE = "SDNavigationControllerTests/SDNavigationControllerTests-Info.plist";
				PRODUCT_NAME = "$(TARGET_NAME)";
				TEST_HOST = "$(BUNDLE_LOADER)";
				WRAPPER_EXTENSION = xctest;
			};
			name = Debug;
		};
		CE7AD8B41A233A74006B5E68 /* Release */ = {
			isa = XCBuildConfiguration;
			buildSettings = {
				BUNDLE_LOADER = "$(BUILT_PRODUCTS_DIR)/SDNavigationController.app/SDNavigationController";
				FRAMEWORK_SEARCH_PATHS = (
					"$(SDKROOT)/Developer/Library/Frameworks",
					"$(inherited)",
					"$(DEVELOPER_FRAMEWORKS_DIR)",
				);
				GCC_PRECOMPILE_PREFIX_HEADER = YES;
				GCC_PREFIX_HEADER = "SDNavigationController/SDNavigationController-Prefix.pch";
				INFOPLIST_FILE = "SDNavigationControllerTests/SDNavigationControllerTests-Info.plist";
				PRODUCT_NAME = "$(TARGET_NAME)";
				TEST_HOST = "$(BUNDLE_LOADER)";
				WRAPPER_EXTENSION = xctest;
			};
			name = Release;
		};
/* End XCBuildConfiguration section */

/* Begin XCConfigurationList section */
		CE7AD8781A233A74006B5E68 /* Build configuration list for PBXProject "SDNavigationController" */ = {
			isa = XCConfigurationList;
			buildConfigurations = (
				CE7AD8AD1A233A74006B5E68 /* Debug */,
				CE7AD8AE1A233A74006B5E68 /* Release */,
			);
			defaultConfigurationIsVisible = 0;
			defaultConfigurationName = Release;
		};
		CE7AD8AF1A233A74006B5E68 /* Build configuration list for PBXNativeTarget "SDNavigationController" */ = {
			isa = XCConfigurationList;
			buildConfigurations = (
				CE7AD8B01A233A74006B5E68 /* Debug */,
				CE7AD8B11A233A74006B5E68 /* Release */,
			);
			defaultConfigurationIsVisible = 0;
		};
		CE7AD8B21A233A74006B5E68 /* Build configuration list for PBXNativeTarget "SDNavigationControllerTests" */ = {
			isa = XCConfigurationList;
			buildConfigurations = (
				CE7AD8B31A233A74006B5E68 /* Debug */,
				CE7AD8B41A233A74006B5E68 /* Release */,
			);
			defaultConfigurationIsVisible = 0;
		};
/* End XCConfigurationList section */
	};
	rootObject = CE7AD8751A233A74006B5E68 /* Project object */;
}
